dependencies:
- name: ingress-nginx
  repository: https://kubernetes.github.io/ingress-nginx
  version: 4.8.1
- name: cert-manager
  repository: https://charts.jetstack.io
  version: v1.13.1
- name: metrics-server
  repository: https://kubernetes-sigs.github.io/metrics-server/
  version: 3.11.0
digest: sha256:0da7c935ae3ea6f32cd2511b59ef9b763dbfb31b738bb72fed4e7910f37cd6ed
generated: "2023-10-09T21:47:27.147820931+03:00"
